
Microsoft Visual Studio Solution File, Format Version 12.00
# Visual Studio Version 16
VisualStudioVersion = 16.0.31105.61
MinimumVisualStudioVersion = 10.0.40219.1
Project("{FAE04EC0-301F-11D3-BF4B-00C04F79EFBC}") = "InstrumentodeMedicionAssist", "InstrumentodeMedicionAssist\InstrumentodeMedicionAssist.csproj", "{1DB852BC-FBA0-4009-B63D-8B4EB683D257}"
EndProject
Project("{FAE04EC0-301F-11D3-BF4B-00C04F79EFBC}") = "Entidades", "Entidades\Entidades.csproj", "{69D55445-7F46-472C-9889-FC7DA961E3EA}"
EndProject
Project("{FAE04EC0-301F-11D3-BF4B-00C04F79EFBC}") = "Repositorio", "Repositorio\Repositorio.csproj", "{206E0DEF-42FE-4392-9C5C-D25B7AB2E11B}"
EndProject
Project("{FAE04EC0-301F-11D3-BF4B-00C04F79EFBC}") = "Negocio", "Negocio\Negocio.csproj", "{EF963D7A-3569-43DA-9CE0-24DD23F86650}"
EndProject
Project("{FAE04EC0-301F-11D3-BF4B-00C04F79EFBC}") = "Utilidades", "Utilidades\Utilidades.csproj", "{A6E2FB46-8A44-4ABC-8D19-C7BBFECCBE60}"
EndProject
Global
	GlobalSection(SolutionConfigurationPlatforms) = preSolution
		Debug|Any CPU = Debug|Any CPU
		Release|Any CPU = Release|Any CPU
	EndGlobalSection
	GlobalSection(ProjectConfigurationPlatforms) = postSolution
		{1DB852BC-FBA0-4009-B63D-8B4EB683D257}.Debug|Any CPU.ActiveCfg = Debug|Any CPU
		{1DB852BC-FBA0-4009-B63D-8B4EB683D257}.Debug|Any CPU.Build.0 = Debug|Any CPU
		{1DB852BC-FBA0-4009-B63D-8B4EB683D257}.Release|Any CPU.ActiveCfg = Release|Any CPU
		{1DB852BC-FBA0-4009-B63D-8B4EB683D257}.Release|Any CPU.Build.0 = Release|Any CPU
		{69D55445-7F46-472C-9889-FC7DA961E3EA}.Debug|Any CPU.ActiveCfg = Debug|Any CPU
		{69D55445-7F46-472C-9889-FC7DA961E3EA}.Debug|Any CPU.Build.0 = Debug|Any CPU
		{69D55445-7F46-472C-9889-FC7DA961E3EA}.Release|Any CPU.ActiveCfg = Release|Any CPU
		{69D55445-7F46-472C-9889-FC7DA961E3EA}.Release|Any CPU.Build.0 = Release|Any CPU
		{206E0DEF-42FE-4392-9C5C-D25B7AB2E11B}.Debug|Any CPU.ActiveCfg = Debug|Any CPU
		{206E0DEF-42FE-4392-9C5C-D25B7AB2E11B}.Debug|Any CPU.Build.0 = Debug|Any CPU
		{206E0DEF-42FE-4392-9C5C-D25B7AB2E11B}.Release|Any CPU.ActiveCfg = Release|Any CPU
		{206E0DEF-42FE-4392-9C5C-D25B7AB2E11B}.Release|Any CPU.Build.0 = Release|Any CPU
		{EF963D7A-3569-43DA-9CE0-24DD23F86650}.Debug|Any CPU.ActiveCfg = Debug|Any CPU
		{EF963D7A-3569-43DA-9CE0-24DD23F86650}.Debug|Any CPU.Build.0 = Debug|Any CPU
		{EF963D7A-3569-43DA-9CE0-24DD23F86650}.Release|Any CPU.ActiveCfg = Release|Any CPU
		{EF963D7A-3569-43DA-9CE0-24DD23F86650}.Release|Any CPU.Build.0 = Release|Any CPU
		{A6E2FB46-8A44-4ABC-8D19-C7BBFECCBE60}.Debug|Any CPU.ActiveCfg = Debug|Any CPU
		{A6E2FB46-8A44-4ABC-8D19-C7BBFECCBE60}.Debug|Any CPU.Build.0 = Debug|Any CPU
		{A6E2FB46-8A44-4ABC-8D19-C7BBFECCBE60}.Release|Any CPU.ActiveCfg = Release|Any CPU
		{A6E2FB46-8A44-4ABC-8D19-C7BBFECCBE60}.Release|Any CPU.Build.0 = Release|Any CPU
	EndGlobalSection
	GlobalSection(SolutionProperties) = preSolution
		HideSolutionNode = FALSE
	EndGlobalSection
	GlobalSection(ExtensibilityGlobals) = postSolution
		SolutionGuid = {884C9642-0B83-45D1-9C9E-58247DA75284}
	EndGlobalSection
EndGlobal
